// !$*UTF8*$!
{
	archiveVersion = 1;
	classes = {
	};
	objectVersion = 46;
	objects = {

/* Begin PBXBuildFile section */
		3F2FECB31BF036D4009F0419 /* main.m in Sources */ = {isa = PBXBuildFile; fileRef = 3F2FECB21BF036D4009F0419 /* main.m */; };
		3F2FECB61BF036D4009F0419 /* AppDelegate.m in Sources */ = {isa = PBXBuildFile; fileRef = 3F2FECB51BF036D4009F0419 /* AppDelegate.m */; };
		3F2FECB91BF036D4009F0419 /* ViewController.m in Sources */ = {isa = PBXBuildFile; fileRef = 3F2FECB81BF036D4009F0419 /* ViewController.m */; };
		3F2FECBC1BF036D4009F0419 /* Main.storyboard in Resources */ = {isa = PBXBuildFile; fileRef = 3F2FECBA1BF036D4009F0419 /* Main.storyboard */; };
		3F2FECBE1BF036D4009F0419 /* Assets.xcassets in Resources */ = {isa = PBXBuildFile; fileRef = 3F2FECBD1BF036D4009F0419 /* Assets.xcassets */; };
		3F2FECC11BF036D4009F0419 /* LaunchScreen.storyboard in Resources */ = {isa = PBXBuildFile; fileRef = 3F2FECBF1BF036D4009F0419 /* LaunchScreen.storyboard */; };
		3F2FECCC1BF036D4009F0419 /* githubTests.m in Sources */ = {isa = PBXBuildFile; fileRef = 3F2FECCB1BF036D4009F0419 /* githubTests.m */; };
		3F2FECD71BF036D4009F0419 /* githubUITests.m in Sources */ = {isa = PBXBuildFile; fileRef = 3F2FECD61BF036D4009F0419 /* githubUITests.m */; };
/* End PBXBuildFile section */

/* Begin PBXContainerItemProxy section */
		3F2FECC81BF036D4009F0419 /* PBXContainerItemProxy */ = {
			isa = PBXContainerItemProxy;
			containerPortal = 3F2FECA61BF036D4009F0419 /* Project object */;
			proxyType = 1;
			remoteGlobalIDString = 3F2FECAD1BF036D4009F0419;
			remoteInfo = github;
		};
		3F2FECD31BF036D4009F0419 /* PBXContainerItemProxy */ = {
			isa = PBXContainerItemProxy;
			containerPortal = 3F2FECA61BF036D4009F0419 /* Project object */;
			proxyType = 1;
			remoteGlobalIDString = 3F2FECAD1BF036D4009F0419;
			remoteInfo = github;
		};
/* End PBXContainerItemProxy section */

/* Begin PBXFileReference section */
		3F2FECAE1BF036D4009F0419 /* github.app */ = {isa = PBXFileReference; explicitFileType = wrapper.application; includeInIndex = 0; path = github.app; sourceTree = BUILT_PRODUCTS_DIR; };
		3F2FECB21BF036D4009F0419 /* main.m */ = {isa = PBXFileReference; lastKnownFileType = sourcecode.c.objc; path = main.m; sourceTree = "<group>"; };
		3F2FECB41BF036D4009F0419 /* AppDelegate.h */ = {isa = PBXFileReference; lastKnownFileType = sourcecode.c.h; path = AppDelegate.h; sourceTree = "<group>"; };
		3F2FECB51BF036D4009F0419 /* AppDelegate.m */ = {isa = PBXFileReference; lastKnownFileType = sourcecode.c.objc; path = AppDelegate.m; sourceTree = "<group>"; };
		3F2FECB71BF036D4009F0419 /* ViewController.h */ = {isa = PBXFileReference; lastKnownFileType = sourcecode.c.h; path = ViewController.h; sourceTree = "<group>"; };
		3F2FECB81BF036D4009F0419 /* ViewController.m */ = {isa = PBXFileReference; lastKnownFileType = sourcecode.c.objc; path = ViewController.m; sourceTree = "<group>"; };
		3F2FECBB1BF036D4009F0419 /* Base */ = {isa = PBXFileReference; lastKnownFileType = file.storyboard; name = Base; path = Base.lproj/Main.storyboard; sourceTree = "<group>"; };
		3F2FECBD1BF036D4009F0419 /* Assets.xcassets */ = {isa = PBXFileReference; lastKnownFileType = folder.assetcatalog; path = Assets.xcassets; sourceTree = "<group>"; };
		3F2FECC01BF036D4009F0419 /* Base */ = {isa = PBXFileReference; lastKnownFileType = file.storyboard; name = Base; path = Base.lproj/LaunchScreen.storyboard; sourceTree = "<group>"; };
		3F2FECC21BF036D4009F0419 /* Info.plist */ = {isa = PBXFileReference; lastKnownFileType = text.plist.xml; path = Info.plist; sourceTree = "<group>"; };
		3F2FECC71BF036D4009F0419 /* githubTests.xctest */ = {isa = PBXFileReference; explicitFileType = wrapper.cfbundle; includeInIndex = 0; path = githubTests.xctest; sourceTree = BUILT_PRODUCTS_DIR; };
		3F2FECCB1BF036D4009F0419 /* githubTests.m */ = {isa = PBXFileReference; lastKnownFileType = sourcecode.c.objc; path = githubTests.m; sourceTree = "<group>"; };
		3F2FECCD1BF036D4009F0419 /* Info.plist */ = {isa = PBXFileReference; lastKnownFileType = text.plist.xml; path = Info.plist; sourceTree = "<group>"; };
		3F2FECD21BF036D4009F0419 /* githubUITests.xctest */ = {isa = PBXFileReference; explicitFileType = wrapper.cfbundle; includeInIndex = 0; path = githubUITests.xctest; sourceTree = BUILT_PRODUCTS_DIR; };
		3F2FECD61BF036D4009F0419 /* githubUITests.m */ = {isa = PBXFileReference; lastKnownFileType = sourcecode.c.objc; path = githubUITests.m; sourceTree = "<group>"; };
		3F2FECD81BF036D4009F0419 /* Info.plist */ = {isa = PBXFileReference; lastKnownFileType = text.plist.xml; path = Info.plist; sourceTree = "<group>"; };
/* End PBXFileReference section */

/* Begin PBXFrameworksBuildPhase section */
		3F2FECAB1BF036D4009F0419 /* Frameworks */ = {
			isa = PBXFrameworksBuildPhase;
			buildActionMask = 2147483647;
			files = (
			);
			runOnlyForDeploymentPostprocessing = 0;
		};
		3F2FECC41BF036D4009F0419 /* Frameworks */ = {
			isa = PBXFrameworksBuildPhase;
			buildActionMask = 2147483647;
			files = (
			);
			runOnlyForDeploymentPostprocessing = 0;
		};
		3F2FECCF1BF036D4009F0419 /* Frameworks */ = {
			isa = PBXFrameworksBuildPhase;
			buildActionMask = 2147483647;
			files = (
			);
			runOnlyForDeploymentPostprocessing = 0;
		};
/* End PBXFrameworksBuildPhase section */

/* Begin PBXGroup section */
		3F2FECA51BF036D4009F0419 = {
			isa = PBXGroup;
			children = (
				3F2FECB01BF036D4009F0419 /* github */,
				3F2FECCA1BF036D4009F0419 /* githubTests */,
				3F2FECD51BF036D4009F0419 /* githubUITests */,
				3F2FECAF1BF036D4009F0419 /* Products */,
			);
			sourceTree = "<group>";
		};
		3F2FECAF1BF036D4009F0419 /* Products */ = {
			isa = PBXGroup;
			children = (
				3F2FECAE1BF036D4009F0419 /* github.app */,
				3F2FECC71BF036D4009F0419 /* githubTests.xctest */,
				3F2FECD21BF036D4009F0419 /* githubUITests.xctest */,
			);
			name = Products;
			sourceTree = "<group>";
		};
		3F2FECB01BF036D4009F0419 /* github */ = {
			isa = PBXGroup;
			children = (
				3F2FECB41BF036D4009F0419 /* AppDelegate.h */,
				3F2FECB51BF036D4009F0419 /* AppDelegate.m */,
				3F2FECB71BF036D4009F0419 /* ViewController.h */,
				3F2FECB81BF036D4009F0419 /* ViewController.m */,
				3F2FECBA1BF036D4009F0419 /* Main.storyboard */,
				3F2FECBD1BF036D4009F0419 /* Assets.xcassets */,
				3F2FECBF1BF036D4009F0419 /* LaunchScreen.storyboard */,
				3F2FECC21BF036D4009F0419 /* Info.plist */,
				3F2FECB11BF036D4009F0419 /* Supporting Files */,
			);
			path = github;
			sourceTree = "<group>";
		};
		3F2FECB11BF036D4009F0419 /* Supporting Files */ = {
			isa = PBXGroup;
			children = (
				3F2FECB21BF036D4009F0419 /* main.m */,
			);
			name = "Supporting Files";
			sourceTree = "<group>";
		};
		3F2FECCA1BF036D4009F0419 /* githubTests */ = {
			isa = PBXGroup;
			children = (
				3F2FECCB1BF036D4009F0419 /* githubTests.m */,
				3F2FECCD1BF036D4009F0419 /* Info.plist */,
			);
			path = githubTests;
			sourceTree = "<group>";
		};
		3F2FECD51BF036D4009F0419 /* githubUITests */ = {
			isa = PBXGroup;
			children = (
				3F2FECD61BF036D4009F0419 /* githubUITests.m */,
				3F2FECD81BF036D4009F0419 /* Info.plist */,
			);
			path = githubUITests;
			sourceTree = "<group>";
		};
/* End PBXGroup section */

/* Begin PBXNativeTarget section */
		3F2FECAD1BF036D4009F0419 /* github */ = {
			isa = PBXNativeTarget;
			buildConfigurationList = 3F2FECDB1BF036D4009F0419 /* Build configuration list for PBXNativeTarget "github" */;
			buildPhases = (
				3F2FECAA1BF036D4009F0419 /* Sources */,
				3F2FECAB1BF036D4009F0419 /* Frameworks */,
				3F2FECAC1BF036D4009F0419 /* Resources */,
			);
			buildRules = (
			);
			dependencies = (
			);
			name = github;
			productName = github;
			productReference = 3F2FECAE1BF036D4009F0419 /* github.app */;
			productType = "com.apple.product-type.application";
		};
		3F2FECC61BF036D4009F0419 /* githubTests */ = {
			isa = PBXNativeTarget;
			buildConfigurationList = 3F2FECDE1BF036D4009F0419 /* Build configuration list for PBXNativeTarget "githubTests" */;
			buildPhases = (
				3F2FECC31BF036D4009F0419 /* Sources */,
				3F2FECC41BF036D4009F0419 /* Frameworks */,
				3F2FECC51BF036D4009F0419 /* Resources */,
			);
			buildRules = (
			);
			dependencies = (
				3F2FECC91BF036D4009F0419 /* PBXTargetDependency */,
			);
			name = githubTests;
			productName = githubTests;
			productReference = 3F2FECC71BF036D4009F0419 /* githubTests.xctest */;
			productType = "com.apple.product-type.bundle.unit-test";
		};
		3F2FECD11BF036D4009F0419 /* githubUITests */ = {
			isa = PBXNativeTarget;
			buildConfigurationList = 3F2FECE11BF036D4009F0419 /* Build configuration list for PBXNativeTarget "githubUITests" */;
			buildPhases = (
				3F2FECCE1BF036D4009F0419 /* Sources */,
				3F2FECCF1BF036D4009F0419 /* Frameworks */,
				3F2FECD01BF036D4009F0419 /* Resources */,
			);
			buildRules = (
			);
			dependencies = (
				3F2FECD41BF036D4009F0419 /* PBXTargetDependency */,
			);
			name = githubUITests;
			productName = githubUITests;
			productReference = 3F2FECD21BF036D4009F0419 /* githubUITests.xctest */;
			productType = "com.apple.product-type.bundle.ui-testing";
		};
/* End PBXNativeTarget section */

/* Begin PBXProject section */
		3F2FECA61BF036D4009F0419 /* Project object */ = {
			isa = PBXProject;
			attributes = {
				LastUpgradeCheck = 0700;
				ORGANIZATIONNAME = lanou;
				TargetAttributes = {
					3F2FECAD1BF036D4009F0419 = {
						CreatedOnToolsVersion = 7.0.1;
					};
					3F2FECC61BF036D4009F0419 = {
						CreatedOnToolsVersion = 7.0.1;
						TestTargetID = 3F2FECAD1BF036D4009F0419;
					};
					3F2FECD11BF036D4009F0419 = {
						CreatedOnToolsVersion = 7.0.1;
						TestTargetID = 3F2FECAD1BF036D4009F0419;
					};
				};
			};
			buildConfigurationList = 3F2FECA91BF036D4009F0419 /* Build configuration list for PBXProject "github" */;
			compatibilityVersion = "Xcode 3.2";
			developmentRegion = English;
			hasScannedForEncodings = 0;
			knownRegions = (
				en,
				Base,
			);
			mainGroup = 3F2FECA51BF036D4009F0419;
			productRefGroup = 3F2FECAF1BF036D4009F0419 /* Products */;
			projectDirPath = "";
			projectRoot = "";
			targets = (
				3F2FECAD1BF036D4009F0419 /* github */,
				3F2FECC61BF036D4009F0419 /* githubTests */,
				3F2FECD11BF036D4009F0419 /* githubUITests */,
			);
		};
/* End PBXProject section */

/* Begin PBXResourcesBuildPhase section */
		3F2FECAC1BF036D4009F0419 /* Resources */ = {
			isa = PBXResourcesBuildPhase;
			buildActionMask = 2147483647;
			files = (
				3F2FECC11BF036D4009F0419 /* LaunchScreen.storyboard in Resources */,
				3F2FECBE1BF036D4009F0419 /* Assets.xcassets in Resources */,
				3F2FECBC1BF036D4009F0419 /* Main.storyboard in Resources */,
			);
			runOnlyForDeploymentPostprocessing = 0;
		};
		3F2FECC51BF036D4009F0419 /* Resources */ = {
			isa = PBXResourcesBuildPhase;
			buildActionMask = 2147483647;
			files = (
			);
			runOnlyForDeploymentPostprocessing = 0;
		};
		3F2FECD01BF036D4009F0419 /* Resources */ = {
			isa = PBXResourcesBuildPhase;
			buildActionMask = 2147483647;
			files = (
			);
			runOnlyForDeploymentPostprocessing = 0;
		};
/* End PBXResourcesBuildPhase section */

/* Begin PBXSourcesBuildPhase section */
		3F2FECAA1BF036D4009F0419 /* Sources */ = {
			isa = PBXSourcesBuildPhase;
			buildActionMask = 2147483647;
			files = (
				3F2FECB91BF036D4009F0419 /* ViewController.m in Sources */,
				3F2FECB61BF036D4009F0419 /* AppDelegate.m in Sources */,
				3F2FECB31BF036D4009F0419 /* main.m in Sources */,
			);
			runOnlyForDeploymentPostprocessing = 0;
		};
		3F2FECC31BF036D4009F0419 /* Sources */ = {
			isa = PBXSourcesBuildPhase;
			buildActionMask = 2147483647;
			files = (
				3F2FECCC1BF036D4009F0419 /* githubTests.m in Sources */,
			);
			runOnlyForDeploymentPostprocessing = 0;
		};
		3F2FECCE1BF036D4009F0419 /* Sources */ = {
			isa = PBXSourcesBuildPhase;
			buildActionMask = 2147483647;
			files = (
				3F2FECD71BF036D4009F0419 /* githubUITests.m in Sources */,
			);
			runOnlyForDeploymentPostprocessing = 0;
		};
/* End PBXSourcesBuildPhase section */

/* Begin PBXTargetDependency section */
		3F2FECC91BF036D4009F0419 /* PBXTargetDependency */ = {
			isa = PBXTargetDependency;
			target = 3F2FECAD1BF036D4009F0419 /* github */;
			targetProxy = 3F2FECC81BF036D4009F0419 /* PBXContainerItemProxy */;
		};
		3F2FECD41BF036D4009F0419 /* PBXTargetDependency */ = {
			isa = PBXTargetDependency;
			target = 3F2FECAD1BF036D4009F0419 /* github */;
			targetProxy = 3F2FECD31BF036D4009F0419 /* PBXContainerItemProxy */;
		};
/* End PBXTargetDependency section */

/* Begin PBXVariantGroup section */
		3F2FECBA1BF036D4009F0419 /* Main.storyboard */ = {
			isa = PBXVariantGroup;
			children = (
				3F2FECBB1BF036D4009F0419 /* Base */,
			);
			name = Main.storyboard;
			sourceTree = "<group>";
		};
		3F2FECBF1BF036D4009F0419 /* LaunchScreen.storyboard */ = {
			isa = PBXVariantGroup;
			children = (
				3F2FECC01BF036D4009F0419 /* Base */,
			);
			name = LaunchScreen.storyboard;
			sourceTree = "<group>";
		};
/* End PBXVariantGroup section */

/* Begin XCBuildConfiguration section */
		3F2FECD91BF036D4009F0419 /* Debug */ = {
			isa = XCBuildConfiguration;
			buildSettings = {
				ALWAYS_SEARCH_USER_PATHS = NO;
				CLANG_CXX_LANGUAGE_STANDARD = "gnu++0x";
				CLANG_CXX_LIBRARY = "libc++";
				CLANG_ENABLE_MODULES = YES;
				CLANG_ENABLE_OBJC_ARC = YES;
				CLANG_WARN_BOOL_CONVERSION = YES;
				CLANG_WARN_CONSTANT_CONVERSION = YES;
				CLANG_WARN_DIRECT_OBJC_ISA_USAGE = YES_ERROR;
				CLANG_WARN_EMPTY_BODY = YES;
				CLANG_WARN_ENUM_CONVERSION = YES;
				CLANG_WARN_INT_CONVERSION = YES;
				CLANG_WARN_OBJC_ROOT_CLASS = YES_ERROR;
				CLANG_WARN_UNREACHABLE_CODE = YES;
				CLANG_WARN__DUPLICATE_METHOD_MATCH = YES;
				"CODE_SIGN_IDENTITY[sdk=iphoneos*]" = "iPhone Developer";
				COPY_PHASE_STRIP = NO;
				DEBUG_INFORMATION_FORMAT = dwarf;
				ENABLE_STRICT_OBJC_MSGSEND = YES;
				ENABLE_TESTABILITY = YES;
				GCC_C_LANGUAGE_STANDARD = gnu99;
				GCC_DYNAMIC_NO_PIC = NO;
				GCC_NO_COMMON_BLOCKS = YES;
				GCC_OPTIMIZATION_LEVEL = 0;
				GCC_PREPROCESSOR_DEFINITIONS = (
					"DEBUG=1",
					"$(inherited)",
				);
				GCC_WARN_64_TO_32_BIT_CONVERSION = YES;
				GCC_WARN_ABOUT_RETURN_TYPE = YES_ERROR;
				GCC_WARN_UNDECLARED_SELECTOR = YES;
				GCC_WARN_UNINITIALIZED_AUTOS = YES_AGGRESSIVE;
				GCC_WARN_UNUSED_FUNCTION = YES;
				GCC_WARN_UNUSED_VARIABLE = YES;
				IPHONEOS_DEPLOYMENT_TARGET = 9.0;
				MTL_ENABLE_DEBUG_INFO = YES;
				ONLY_ACTIVE_ARCH = YES;
				SDKROOT = iphoneos;
				TARGETED_DEVICE_FAMILY = "1,2";
			};
			name = Debug;
		};
		3F2FECDA1BF036D4009F0419 /* Release */ = {
			isa = XCBuildConfiguration;
			buildSettings = {
				ALWAYS_SEARCH_USER_PATHS = NO;
				CLANG_CXX_LANGUAGE_STANDARD = "gnu++0x";
				CLANG_CXX_LIBRARY = "libc++";
				CLANG_ENABLE_MODULES = YES;
				CLANG_ENABLE_OBJC_ARC = YES;
				CLANG_WARN_BOOL_CONVERSION = YES;
				CLANG_WARN_CONSTANT_CONVERSION = YES;
				CLANG_WARN_DIRECT_OBJC_ISA_USAGE = YES_ERROR;
				CLANG_WARN_EMPTY_BODY = YES;
				CLANG_WARN_ENUM_CONVERSION = YES;
				CLANG_WARN_INT_CONVERSION = YES;
				CLANG_WARN_OBJC_ROOT_CLASS = YES_ERROR;
				CLANG_WARN_UNREACHABLE_CODE = YES;
				CLANG_WARN__DUPLICATE_METHOD_MATCH = YES;
				"CODE_SIGN_IDENTITY[sdk=iphoneos*]" = "iPhone Developer";
				COPY_PHASE_STRIP = NO;
				DEBUG_INFORMATION_FORMAT = "dwarf-with-dsym";
				ENABLE_NS_ASSERTIONS = NO;
				ENABLE_STRICT_OBJC_MSGSEND = YES;
				GCC_C_LANGUAGE_STANDARD = gnu99;
				GCC_NO_COMMON_BLOCKS = YES;
				GCC_WARN_64_TO_32_BIT_CONVERSION = YES;
				GCC_WARN_ABOUT_RETURN_TYPE = YES_ERROR;
				GCC_WARN_UNDECLARED_SELECTOR = YES;
				GCC_WARN_UNINITIALIZED_AUTOS = YES_AGGRESSIVE;
				GCC_WARN_UNUSED_FUNCTION = YES;
				GCC_WARN_UNUSED_VARIABLE = YES;
				IPHONEOS_DEPLOYMENT_TARGET = 9.0;
				MTL_ENABLE_DEBUG_INFO = NO;
				SDKROOT = iphoneos;
				TARGETED_DEVICE_FAMILY = "1,2";
				VALIDATE_PRODUCT = YES;
			};
			name = Release;
		};
		3F2FECDC1BF036D4009F0419 /* Debug */ = {
			isa = XCBuildConfiguration;
			buildSettings = {
				ASSETCATALOG_COMPILER_APPICON_NAME = AppIcon;
				INFOPLIST_FILE = github/Info.plist;
				LD_RUNPATH_SEARCH_PATHS = "$(inherited) @executable_path/Frameworks";
				PRODUCT_BUNDLE_IDENTIFIER = llll.github;
				PRODUCT_NAME = "$(TARGET_NAME)";
			};
			name = Debug;
		};
		3F2FECDD1BF036D4009F0419 /* Release */ = {
			isa = XCBuildConfiguration;
			buildSettings = {
				ASSETCATALOG_COMPILER_APPICON_NAME = AppIcon;
				INFOPLIST_FILE = github/Info.plist;
				LD_RUNPATH_SEARCH_PATHS = "$(inherited) @executable_path/Frameworks";
				PRODUCT_BUNDLE_IDENTIFIER = llll.github;
				PRODUCT_NAME = "$(TARGET_NAME)";
			};
			name = Release;
		};
		3F2FECDF1BF036D4009F0419 /* Debug */ = {
			isa = XCBuildConfiguration;
			buildSettings = {
				BUNDLE_LOADER = "$(TEST_HOST)";
				INFOPLIST_FILE = githubTests/Info.plist;
				LD_RUNPATH_SEARCH_PATHS = "$(inherited) @executable_path/Frameworks @loader_path/Frameworks";
				PRODUCT_BUNDLE_IDENTIFIER = llll.githubTests;
				PRODUCT_NAME = "$(TARGET_NAME)";
				TEST_HOST = "$(BUILT_PRODUCTS_DIR)/github.app/github";
			};
			name = Debug;
		};
		3F2FECE01BF036D4009F0419 /* Release */ = {
			isa = XCBuildConfiguration;
			buildSettings = {
				BUNDLE_LOADER = "$(TEST_HOST)";
				INFOPLIST_FILE = githubTests/Info.plist;
				LD_RUNPATH_SEARCH_PATHS = "$(inherited) @executable_path/Frameworks @loader_path/Frameworks";
				PRODUCT_BUNDLE_IDENTIFIER = llll.githubTests;
				PRODUCT_NAME = "$(TARGET_NAME)";
				TEST_HOST = "$(BUILT_PRODUCTS_DIR)/github.app/github";
			};
			name = Release;
		};
		3F2FECE21BF036D4009F0419 /* Debug */ = {
			isa = XCBuildConfiguration;
			buildSettings = {
				INFOPLIST_FILE = githubUITests/Info.plist;
				LD_RUNPATH_SEARCH_PATHS = "$(inherited) @executable_path/Frameworks @loader_path/Frameworks";
				PRODUCT_BUNDLE_IDENTIFIER = llll.githubUITests;
				PRODUCT_NAME = "$(TARGET_NAME)";
				TEST_TARGET_NAME = github;
				USES_XCTRUNNER = YES;
			};
			name = Debug;
		};
		3F2FECE31BF036D4009F0419 /* Release */ = {
			isa = XCBuildConfiguration;
			buildSettings = {
				INFOPLIST_FILE = githubUITests/Info.plist;
				LD_RUNPATH_SEARCH_PATHS = "$(inherited) @executable_path/Frameworks @loader_path/Frameworks";
				PRODUCT_BUNDLE_IDENTIFIER = llll.githubUITests;
				PRODUCT_NAME = "$(TARGET_NAME)";
				TEST_TARGET_NAME = github;
				USES_XCTRUNNER = YES;
			};
			name = Release;
		};
/* End XCBuildConfiguration section */

/* Begin XCConfigurationList section */
		3F2FECA91BF036D4009F0419 /* Build configuration list for PBXProject "github" */ = {
			isa = XCConfigurationList;
			buildConfigurations = (
				3F2FECD91BF036D4009F0419 /* Debug */,
				3F2FECDA1BF036D4009F0419 /* Release */,
			);
			defaultConfigurationIsVisible = 0;
			defaultConfigurationName = Release;
		};
		3F2FECDB1BF036D4009F0419 /* Build configuration list for PBXNativeTarget "github" */ = {
			isa = XCConfigurationList;
			buildConfigurations = (
				3F2FECDC1BF036D4009F0419 /* Debug */,
				3F2FECDD1BF036D4009F0419 /* Release */,
			);
			defaultConfigurationIsVisible = 0;
		};
		3F2FECDE1BF036D4009F0419 /* Build configuration list for PBXNativeTarget "githubTests" */ = {
			isa = XCConfigurationList;
			buildConfigurations = (
				3F2FECDF1BF036D4009F0419 /* Debug */,
				3F2FECE01BF036D4009F0419 /* Release */,
			);
			defaultConfigurationIsVisible = 0;
		};
		3F2FECE11BF036D4009F0419 /* Build configuration list for PBXNativeTarget "githubUITests" */ = {
			isa = XCConfigurationList;
			buildConfigurations = (
				3F2FECE21BF036D4009F0419 /* Debug */,
				3F2FECE31BF036D4009F0419 /* Release */,
			);
			defaultConfigurationIsVisible = 0;
		};
/* End XCConfigurationList section */
	};
	rootObject = 3F2FECA61BF036D4009F0419 /* Project object */;
}
